Microsoft Visual Studio Solution File, Format Version 12.00
# Visual Studio Version 17
VisualStudioVersion = 17.5.2.0
MinimumVisualStudioVersion = 10.0.40219.1
Project("{FAE04EC0-301F-11D3-BF4B-00C04F79EFBC}") = "Learning Function", "Learning Function.csproj", "{DC72804A-5EDF-F124-1539-3DD998D7C484}"
EndProject
Global
	GlobalSection(SolutionConfigurationPlatforms) = preSolution
		Debug|Any CPU = Debug|Any CPU
		Release|Any CPU = Release|Any CPU
	EndGlobalSection
	GlobalSection(ProjectConfigurationPlatforms) = postSolution
		{DC72804A-5EDF-F124-1539-3DD998D7C484}.Debug|Any CPU.ActiveCfg = Debug|Any CPU
		{DC72804A-5EDF-F124-1539-3DD998D7C484}.Debug|Any CPU.Build.0 = Debug|Any CPU
		{DC72804A-5EDF-F124-1539-3DD998D7C484}.Release|Any CPU.ActiveCfg = Release|Any CPU
		{DC72804A-5EDF-F124-1539-3DD998D7C484}.Release|Any CPU.Build.0 = Release|Any CPU
	EndGlobalSection
	GlobalSection(SolutionProperties) = preSolution
		HideSolutionNode = FALSE
	EndGlobalSection
	GlobalSection(ExtensibilityGlobals) = postSolution
		SolutionGuid = {06291AC6-45D6-4292-AAEC-0A6DDA68661B}
	EndGlobalSection
EndGlobal
